
Microsoft Visual Studio Solution File, Format Version 12.00
# Visual Studio Version 16
VisualStudioVersion = 16.0.31829.152
MinimumVisualStudioVersion = 10.0.40219.1
Project("{9A19103F-16F7-4668-BE54-9A1E7A4F7556}") = "GetTempService", "GetTemp\GetTempService.csproj", "{2F635EAB-B6A9-4E42-A84D-6C9A34BECDFD}"
EndProject
Project("{FAE04EC0-301F-11D3-BF4B-00C04F79EFBC}") = "GetTempBusinessLayer", "GetTempBusinessLayer\GetTempBusinessLayer.csproj", "{7BA37015-433B-4389-99A2-628B629310EE}"
EndProject
Global
	GlobalSection(SolutionConfigurationPlatforms) = preSolution
		Debug|Any CPU = Debug|Any CPU
		Release|Any CPU = Release|Any CPU
	EndGlobalSection
	GlobalSection(ProjectConfigurationPlatforms) = postSolution
		{2F635EAB-B6A9-4E42-A84D-6C9A34BECDFD}.Debug|Any CPU.ActiveCfg = Debug|Any CPU
		{2F635EAB-B6A9-4E42-A84D-6C9A34BECDFD}.Debug|Any CPU.Build.0 = Debug|Any CPU
		{2F635EAB-B6A9-4E42-A84D-6C9A34BECDFD}.Release|Any CPU.ActiveCfg = Release|Any CPU
		{2F635EAB-B6A9-4E42-A84D-6C9A34BECDFD}.Release|Any CPU.Build.0 = Release|Any CPU
		{7BA37015-433B-4389-99A2-628B629310EE}.Debug|Any CPU.ActiveCfg = Debug|Any CPU
		{7BA37015-433B-4389-99A2-628B629310EE}.Debug|Any CPU.Build.0 = Debug|Any CPU
		{7BA37015-433B-4389-99A2-628B629310EE}.Release|Any CPU.ActiveCfg = Release|Any CPU
		{7BA37015-433B-4389-99A2-628B629310EE}.Release|Any CPU.Build.0 = Release|Any CPU
	EndGlobalSection
	GlobalSection(SolutionProperties) = preSolution
		HideSolutionNode = FALSE
	EndGlobalSection
	GlobalSection(ExtensibilityGlobals) = postSolution
		SolutionGuid = {72B1A296-2247-451C-B9EE-763A21611859}
	EndGlobalSection
EndGlobal
